
Microsoft Visual Studio Solution File, Format Version 12.00
# Visual Studio Version 17
VisualStudioVersion = 17.4.33110.190
MinimumVisualStudioVersion = 10.0.40219.1
Project("{9A19103F-16F7-4668-BE54-9A1E7A4F7556}") = "sm_backend", "sm_backend.csproj", "{A34CAC44-C36D-452D-991F-8352CD2F400F}"
EndProject
Global
	GlobalSection(SolutionConfigurationPlatforms) = preSolution
		Debug|Any CPU = Debug|Any CPU
		Release|Any CPU = Release|Any CPU
	EndGlobalSection
	GlobalSection(ProjectConfigurationPlatforms) = postSolution
		{A34CAC44-C36D-452D-991F-8352CD2F400F}.Debug|Any CPU.ActiveCfg = Debug|Any CPU
		{A34CAC44-C36D-452D-991F-8352CD2F400F}.Debug|Any CPU.Build.0 = Debug|Any CPU
		{A34CAC44-C36D-452D-991F-8352CD2F400F}.Release|Any CPU.ActiveCfg = Release|Any CPU
		{A34CAC44-C36D-452D-991F-8352CD2F400F}.Release|Any CPU.Build.0 = Release|Any CPU
	EndGlobalSection
	GlobalSection(SolutionProperties) = preSolution
		HideSolutionNode = FALSE
	EndGlobalSection
	GlobalSection(ExtensibilityGlobals) = postSolution
		SolutionGuid = {0849BACC-48C3-447C-BD87-6F273555DC66}
	EndGlobalSection
EndGlobal
